
Microsoft Visual Studio Solution File, Format Version 12.00
# Visual Studio Version 16
VisualStudioVersion = 16.0.31613.86
MinimumVisualStudioVersion = 10.0.40219.1
Project("{FAE04EC0-301F-11D3-BF4B-00C04F79EFBC}") = "SGBenefic.API", "SGBenefic.API\SGBenefic.API.csproj", "{B57F6273-B6DE-420B-B772-D06BBA34FEA0}"
EndProject
Global
	GlobalSection(SolutionConfigurationPlatforms) = preSolution
		Debug|Any CPU = Debug|Any CPU
		Release|Any CPU = Release|Any CPU
	EndGlobalSection
	GlobalSection(ProjectConfigurationPlatforms) = postSolution
		{B57F6273-B6DE-420B-B772-D06BBA34FEA0}.Debug|Any CPU.ActiveCfg = Debug|Any CPU
		{B57F6273-B6DE-420B-B772-D06BBA34FEA0}.Debug|Any CPU.Build.0 = Debug|Any CPU
		{B57F6273-B6DE-420B-B772-D06BBA34FEA0}.Release|Any CPU.ActiveCfg = Release|Any CPU
		{B57F6273-B6DE-420B-B772-D06BBA34FEA0}.Release|Any CPU.Build.0 = Release|Any CPU
	EndGlobalSection
	GlobalSection(SolutionProperties) = preSolution
		HideSolutionNode = FALSE
	EndGlobalSection
	GlobalSection(ExtensibilityGlobals) = postSolution
		SolutionGuid = {DD09EBD9-9F59-40AC-A0D4-4056F32DB84A}
	EndGlobalSection
EndGlobal
